# artifact	version	os	arch	filename	sha256	source_url	license	license_url
sing-box	1.13.14	linux	386	sing-box-1.13.14-linux-386.tar.gz	4d1c66260dfcb2120fde6c1c5ad125ce0f94769843c34aab4eef53c8d3bf3ae9	https://gh-proxy.com/https://github.com/SagerNet/sing-box/releases/download/v1.13.14/sing-box-1.13.14-linux-386.tar.gz	GPL-3.0-or-later with upstream name restriction	https://github.com/SagerNet/sing-box/blob/v1.13.14/LICENSE
sing-box	1.13.14	linux	amd64	sing-box-1.13.14-linux-amd64.tar.gz	f48703461a15476951ac4967cdad339d986f4b8096b4eb3ff0829a500502d697	https://gh-proxy.com/https://github.com/SagerNet/sing-box/releases/download/v1.13.14/sing-box-1.13.14-linux-amd64.tar.gz	GPL-3.0-or-later with upstream name restriction	https://github.com/SagerNet/sing-box/blob/v1.13.14/LICENSE
sing-box	1.13.14	linux	arm64	sing-box-1.13.14-linux-arm64.tar.gz	4742df6a4314e8ecc41736849fca6d73b8f9e91b6e8b06ee794ff17ba180579e	https://gh-proxy.com/https://github.com/SagerNet/sing-box/releases/download/v1.13.14/sing-box-1.13.14-linux-arm64.tar.gz	GPL-3.0-or-later with upstream name restriction	https://github.com/SagerNet/sing-box/blob/v1.13.14/LICENSE
sing-box	1.13.14	linux	armv7	sing-box-1.13.14-linux-armv7.tar.gz	e01a58d28512b1447ab6156017afdeeaa306169a95d27abc00e112599e4ae46c	https://gh-proxy.com/https://github.com/SagerNet/sing-box/releases/download/v1.13.14/sing-box-1.13.14-linux-armv7.tar.gz	GPL-3.0-or-later with upstream name restriction	https://github.com/SagerNet/sing-box/blob/v1.13.14/LICENSE
zashboard	3.16.1	any	any	dist.zip	66d31a329634d20f98a1c01c93402aa9a6eaccf2cb781c51bfcca172209bc5ae	https://gh-proxy.com/https://github.com/Zephyruso/zashboard/releases/download/v3.16.1/dist.zip	MIT	https://github.com/Zephyruso/zashboard/blob/v3.16.1/LICENSE
